<?xml version="1.0" encoding="utf-8"?>
<Project ToolsVersion="4.0" xmlns="http://schemas.microsoft.com/developer/msbuild/2003">
  <ItemGroup>
    <Filter Include="thread">
      <UniqueIdentifier>{e9f3d602-c021-470b-a67d-46fe59838a9a}</UniqueIdentifier>
    </Filter>
    <Filter Include="reactor">
      <UniqueIdentifier>{d016cdae-ff27-4d01-b9ba-733944324321}</UniqueIdentifier>
    </Filter>
    <Filter Include="tcp">
      <UniqueIdentifier>{4722c855-4762-4549-b7c4-32709a9bd0a8}</UniqueIdentifier>
    </Filter>
    <Filter Include="util">
      <UniqueIdentifier>{5f21c606-b89f-410e-87b7-be2db9ba5335}</UniqueIdentifier>
    </Filter>
  </ItemGroup>
  <ItemGroup>
    <ClCompile Include="reactor_loop.cpp">
      <Filter>reactor</Filter>
    </ClCompile>
    <ClCompile Include="tcp_server_channel.cpp">
      <Filter>tcp</Filter>
    </ClCompile>
    <ClCompile Include="tcp_listen.cpp">
      <Filter>tcp</Filter>
    </ClCompile>
    <ClCompile Include="tcp_server.cpp">
      <Filter>tcp</Filter>
    </ClCompile>
    <ClCompile Include="tcp_util.cpp">
      <Filter>util</Filter>
    </ClCompile>
    <ClCompile Include="thread_safe_objbase.cpp">
      <Filter>thread</Filter>
    </ClCompile>
    <ClCompile Include="thread_object.cpp">
      <Filter>thread</Filter>
    </ClCompile>
    <ClCompile Include="backend_poller.cpp">
      <Filter>reactor</Filter>
    </ClCompile>
    <ClCompile Include="kqueue_imp.cpp">
      <Filter>reactor</Filter>
    </ClCompile>
    <ClCompile Include="epoll_imp.cpp">
      <Filter>reactor</Filter>
    </ClCompile>
    <ClCompile Include="timer_sheduler.cpp">
      <Filter>reactor</Filter>
    </ClCompile>
    <ClCompile Include="tcp_client_channel.cpp">
      <Filter>tcp</Filter>
    </ClCompile>
    <ClCompile Include="tcp_client.cpp">
      <Filter>tcp</Filter>
    </ClCompile>
    <ClCompile Include="tcp_channel_base.cpp">
      <Filter>tcp</Filter>
    </ClCompile>
    <ClCompile Include="idle_distributor.cpp">
      <Filter>reactor</Filter>
    </ClCompile>
    <ClCompile Include="unique_optional_lock.cpp">
      <Filter>util</Filter>
    </ClCompile>
    <ClCompile Include="task_queue.cpp">
      <Filter>util</Filter>
    </ClCompile>
    <ClCompile Include="timer_helper.cpp">
      <Filter>reactor</Filter>
    </ClCompile>
    <ClCompile Include="idle_helper.cpp">
      <Filter>reactor</Filter>
    </ClCompile>
  </ItemGroup>
  <ItemGroup>
    <ClInclude Include="reactor_loop.h">
      <Filter>reactor</Filter>
    </ClInclude>
    <ClInclude Include="tcp_server_channel.h">
      <Filter>tcp</Filter>
    </ClInclude>
    <ClInclude Include="tcp_listen.h">
      <Filter>tcp</Filter>
    </ClInclude>
    <ClInclude Include="tcp_server.h">
      <Filter>tcp</Filter>
    </ClInclude>
    <ClInclude Include="tcp_util.h">
      <Filter>util</Filter>
    </ClInclude>
    <ClInclude Include="thread_safe_objbase.h">
      <Filter>thread</Filter>
    </ClInclude>
    <ClInclude Include="thread_object.h">
      <Filter>thread</Filter>
    </ClInclude>
    <ClInclude Include="backend_poller.h">
      <Filter>reactor</Filter>
    </ClInclude>
    <ClInclude Include="kqueue_imp.h">
      <Filter>reactor</Filter>
    </ClInclude>
    <ClInclude Include="epoll_imp.h">
      <Filter>reactor</Filter>
    </ClInclude>
    <ClInclude Include="timer_sheduler.h">
      <Filter>reactor</Filter>
    </ClInclude>
    <ClInclude Include="tcp_client_channel.h">
      <Filter>tcp</Filter>
    </ClInclude>
    <ClInclude Include="tcp_client.h">
      <Filter>tcp</Filter>
    </ClInclude>
    <ClInclude Include="tcp_channel_base.h">
      <Filter>tcp</Filter>
    </ClInclude>
    <ClInclude Include="idle_distributor.h">
      <Filter>reactor</Filter>
    </ClInclude>
    <ClInclude Include="unique_optional_lock.h">
      <Filter>util</Filter>
    </ClInclude>
    <ClInclude Include="task_queue.h">
      <Filter>util</Filter>
    </ClInclude>
    <ClInclude Include="timer_helper.h">
      <Filter>reactor</Filter>
    </ClInclude>
    <ClInclude Include="idle_helper.h">
      <Filter>reactor</Filter>
    </ClInclude>
  </ItemGroup>
</Project>